
Microsoft Visual Studio Solution File, Format Version 12.00
# Visual Studio 15
VisualStudioVersion = 15.0.26124.0
MinimumVisualStudioVersion = 15.0.26124.0
Project("{FAE04EC0-301F-11D3-BF4B-00C04F79EFBC}") = "ExpenseReport", "ExpenseReport\ExpenseReport.csproj", "{C2FA364D-D668-41E1-A5AB-93C620BF570A}"
EndProject
Project("{FAE04EC0-301F-11D3-BF4B-00C04F79EFBC}") = "ExpenseReportTest", "ExpenseReportTest\ExpenseReportTest.csproj", "{6747DCF7-9F35-47C7-83AF-F30A9DE020A1}"
EndProject
Global
	GlobalSection(SolutionConfigurationPlatforms) = preSolution
		Debug|Any CPU = Debug|Any CPU
		Debug|x64 = Debug|x64
		Debug|x86 = Debug|x86
		Release|Any CPU = Release|Any CPU
		Release|x64 = Release|x64
		Release|x86 = Release|x86
	EndGlobalSection
	GlobalSection(SolutionProperties) = preSolution
		HideSolutionNode = FALSE
	EndGlobalSection
	GlobalSection(ProjectConfigurationPlatforms) = postSolution
		{C2FA364D-D668-41E1-A5AB-93C620BF570A}.Debug|Any CPU.ActiveCfg = Debug|Any CPU
		{C2FA364D-D668-41E1-A5AB-93C620BF570A}.Debug|Any CPU.Build.0 = Debug|Any CPU
		{C2FA364D-D668-41E1-A5AB-93C620BF570A}.Debug|x64.ActiveCfg = Debug|Any CPU
		{C2FA364D-D668-41E1-A5AB-93C620BF570A}.Debug|x64.Build.0 = Debug|Any CPU
		{C2FA364D-D668-41E1-A5AB-93C620BF570A}.Debug|x86.ActiveCfg = Debug|Any CPU
		{C2FA364D-D668-41E1-A5AB-93C620BF570A}.Debug|x86.Build.0 = Debug|Any CPU
		{C2FA364D-D668-41E1-A5AB-93C620BF570A}.Release|Any CPU.ActiveCfg = Release|Any CPU
		{C2FA364D-D668-41E1-A5AB-93C620BF570A}.Release|Any CPU.Build.0 = Release|Any CPU
		{C2FA364D-D668-41E1-A5AB-93C620BF570A}.Release|x64.ActiveCfg = Release|Any CPU
		{C2FA364D-D668-41E1-A5AB-93C620BF570A}.Release|x64.Build.0 = Release|Any CPU
		{C2FA364D-D668-41E1-A5AB-93C620BF570A}.Release|x86.ActiveCfg = Release|Any CPU
		{C2FA364D-D668-41E1-A5AB-93C620BF570A}.Release|x86.Build.0 = Release|Any CPU
		{6747DCF7-9F35-47C7-83AF-F30A9DE020A1}.Debug|Any CPU.ActiveCfg = Debug|Any CPU
		{6747DCF7-9F35-47C7-83AF-F30A9DE020A1}.Debug|Any CPU.Build.0 = Debug|Any CPU
		{6747DCF7-9F35-47C7-83AF-F30A9DE020A1}.Debug|x64.ActiveCfg = Debug|Any CPU
		{6747DCF7-9F35-47C7-83AF-F30A9DE020A1}.Debug|x64.Build.0 = Debug|Any CPU
		{6747DCF7-9F35-47C7-83AF-F30A9DE020A1}.Debug|x86.ActiveCfg = Debug|Any CPU
		{6747DCF7-9F35-47C7-83AF-F30A9DE020A1}.Debug|x86.Build.0 = Debug|Any CPU
		{6747DCF7-9F35-47C7-83AF-F30A9DE020A1}.Release|Any CPU.ActiveCfg = Release|Any CPU
		{6747DCF7-9F35-47C7-83AF-F30A9DE020A1}.Release|Any CPU.Build.0 = Release|Any CPU
		{6747DCF7-9F35-47C7-83AF-F30A9DE020A1}.Release|x64.ActiveCfg = Release|Any CPU
		{6747DCF7-9F35-47C7-83AF-F30A9DE020A1}.Release|x64.Build.0 = Release|Any CPU
		{6747DCF7-9F35-47C7-83AF-F30A9DE020A1}.Release|x86.ActiveCfg = Release|Any CPU
		{6747DCF7-9F35-47C7-83AF-F30A9DE020A1}.Release|x86.Build.0 = Release|Any CPU
	EndGlobalSection
EndGlobal
